{
  "name": "@pulsemedica/json-schema-validator",
  "version": "1.0.0",
  "lockfileVersion": 2,
  "requires": true,
  "packages": {
    "": {
      "name": "@pulsemedica/json-schema-validator",
      "version": "1.0.0",
      "license": "MIT",
      "dependencies": {
        "@pulsemedica/json": "3.10.3-rc2"
      }
    },
    "node_modules/@pulsemedica/json": {
      "version": "3.10.3-rc2",
      "resolved": "https://pulsemedica-502326921973.d.codeartifact.us-west-2.amazonaws.com/npm/PulseMedica/@pulsemedica/json/-/json-3.10.3-rc2.tgz",
      "integrity": "sha512-Pz2rbCIorFC3bLYy5PSR3Lyqw5C2XspVVYmHvgPNltfdQ1bemeBhbt0a1kHnRmr4/CbnKr/E9H24uGS2eTBPIA=="
    }
  },
  "dependencies": {
    "@pulsemedica/json": {
      "version": "3.10.3-rc2",
      "resolved": "https://pulsemedica-502326921973.d.codeartifact.us-west-2.amazonaws.com/npm/PulseMedica/@pulsemedica/json/-/json-3.10.3-rc2.tgz",
      "integrity": "sha512-Pz2rbCIorFC3bLYy5PSR3Lyqw5C2XspVVYmHvgPNltfdQ1bemeBhbt0a1kHnRmr4/CbnKr/E9H24uGS2eTBPIA=="
    }
  }
}
